
Microsoft Visual Studio Solution File, Format Version 12.00
# Visual Studio Version 17
VisualStudioVersion = 17.6.33829.357
MinimumVisualStudioVersion = 10.0.40219.1
Project("{9A19103F-16F7-4668-BE54-9A1E7A4F7556}") = "Ecommerce.Modelo", "Ecommerce.Model\Ecommerce.Modelo.csproj", "{57CD4935-49F9-4EA7-A19C-24BAA3E5FA66}"
EndProject
Project("{9A19103F-16F7-4668-BE54-9A1E7A4F7556}") = "Ecommerce.Repositorio", "Ecommerce.Repositorio\Ecommerce.Repositorio.csproj", "{C0487485-0792-4218-95A6-54CCC51D7A8F}"
EndProject
Project("{9A19103F-16F7-4668-BE54-9A1E7A4F7556}") = "Ecommerce.Servicio", "Ecommerce.Servicio\Ecommerce.Servicio.csproj", "{57C6838A-68F5-4F2D-8C99-184E650B06A0}"
EndProject
Project("{9A19103F-16F7-4668-BE54-9A1E7A4F7556}") = "Ecommerce.DTO", "Ecommerce.DTO\Ecommerce.DTO.csproj", "{3EEF4B19-B116-4825-BC90-E34E7F6BDBDA}"
EndProject
Project("{9A19103F-16F7-4668-BE54-9A1E7A4F7556}") = "Ecommerce.Utilidades", "Ecommerce.Utilidades\Ecommerce.Utilidades.csproj", "{835AAA55-72BC-40C4-9D8A-2F1EFF05833A}"
EndProject
Project("{9A19103F-16F7-4668-BE54-9A1E7A4F7556}") = "Ecommerce.API", "Ecommerce.API\Ecommerce.API.csproj", "{C7AB3762-04C1-42EC-B6C6-BE338653CC2C}"
EndProject
Project("{9A19103F-16F7-4668-BE54-9A1E7A4F7556}") = "Ecommerce.WebAssembly", "Ecommerce.WebAssembly\Ecommerce.WebAssembly.csproj", "{4A2721E8-B193-4097-A9F2-1E30C1EA3D77}"
EndProject
Global
	GlobalSection(SolutionConfigurationPlatforms) = preSolution
		Debug|Any CPU = Debug|Any CPU
		Release|Any CPU = Release|Any CPU
	EndGlobalSection
	GlobalSection(ProjectConfigurationPlatforms) = postSolution
		{57CD4935-49F9-4EA7-A19C-24BAA3E5FA66}.Debug|Any CPU.ActiveCfg = Debug|Any CPU
		{57CD4935-49F9-4EA7-A19C-24BAA3E5FA66}.Debug|Any CPU.Build.0 = Debug|Any CPU
		{57CD4935-49F9-4EA7-A19C-24BAA3E5FA66}.Release|Any CPU.ActiveCfg = Release|Any CPU
		{57CD4935-49F9-4EA7-A19C-24BAA3E5FA66}.Release|Any CPU.Build.0 = Release|Any CPU
		{C0487485-0792-4218-95A6-54CCC51D7A8F}.Debug|Any CPU.ActiveCfg = Debug|Any CPU
		{C0487485-0792-4218-95A6-54CCC51D7A8F}.Debug|Any CPU.Build.0 = Debug|Any CPU
		{C0487485-0792-4218-95A6-54CCC51D7A8F}.Release|Any CPU.ActiveCfg = Release|Any CPU
		{C0487485-0792-4218-95A6-54CCC51D7A8F}.Release|Any CPU.Build.0 = Release|Any CPU
		{57C6838A-68F5-4F2D-8C99-184E650B06A0}.Debug|Any CPU.ActiveCfg = Debug|Any CPU
		{57C6838A-68F5-4F2D-8C99-184E650B06A0}.Debug|Any CPU.Build.0 = Debug|Any CPU
		{57C6838A-68F5-4F2D-8C99-184E650B06A0}.Release|Any CPU.ActiveCfg = Release|Any CPU
		{57C6838A-68F5-4F2D-8C99-184E650B06A0}.Release|Any CPU.Build.0 = Release|Any CPU
		{3EEF4B19-B116-4825-BC90-E34E7F6BDBDA}.Debug|Any CPU.ActiveCfg = Debug|Any CPU
		{3EEF4B19-B116-4825-BC90-E34E7F6BDBDA}.Debug|Any CPU.Build.0 = Debug|Any CPU
		{3EEF4B19-B116-4825-BC90-E34E7F6BDBDA}.Release|Any CPU.ActiveCfg = Release|Any CPU
		{3EEF4B19-B116-4825-BC90-E34E7F6BDBDA}.Release|Any CPU.Build.0 = Release|Any CPU
		{835AAA55-72BC-40C4-9D8A-2F1EFF05833A}.Debug|Any CPU.ActiveCfg = Debug|Any CPU
		{835AAA55-72BC-40C4-9D8A-2F1EFF05833A}.Debug|Any CPU.Build.0 = Debug|Any CPU
		{835AAA55-72BC-40C4-9D8A-2F1EFF05833A}.Release|Any CPU.ActiveCfg = Release|Any CPU
		{835AAA55-72BC-40C4-9D8A-2F1EFF05833A}.Release|Any CPU.Build.0 = Release|Any CPU
		{C7AB3762-04C1-42EC-B6C6-BE338653CC2C}.Debug|Any CPU.ActiveCfg = Debug|Any CPU
		{C7AB3762-04C1-42EC-B6C6-BE338653CC2C}.Debug|Any CPU.Build.0 = Debug|Any CPU
		{C7AB3762-04C1-42EC-B6C6-BE338653CC2C}.Release|Any CPU.ActiveCfg = Release|Any CPU
		{C7AB3762-04C1-42EC-B6C6-BE338653CC2C}.Release|Any CPU.Build.0 = Release|Any CPU
		{4A2721E8-B193-4097-A9F2-1E30C1EA3D77}.Debug|Any CPU.ActiveCfg = Debug|Any CPU
		{4A2721E8-B193-4097-A9F2-1E30C1EA3D77}.Debug|Any CPU.Build.0 = Debug|Any CPU
		{4A2721E8-B193-4097-A9F2-1E30C1EA3D77}.Release|Any CPU.ActiveCfg = Release|Any CPU
		{4A2721E8-B193-4097-A9F2-1E30C1EA3D77}.Release|Any CPU.Build.0 = Release|Any CPU
	EndGlobalSection
	GlobalSection(SolutionProperties) = preSolution
		HideSolutionNode = FALSE
	EndGlobalSection
	GlobalSection(ExtensibilityGlobals) = postSolution
		SolutionGuid = {62BBDFD9-8625-4A1D-B4EA-28018B80427D}
	EndGlobalSection
EndGlobal
